Microsoft Visual Studio Solution File, Format Version 12.00
# Visual Studio Version 17
VisualStudioVersion = 17.5.2.0
MinimumVisualStudioVersion = 10.0.40219.1
Project("{FAE04EC0-301F-11D3-BF4B-00C04F79EFBC}") = "menage-service", "menage-service\menage-service.csproj", "{FC65ED29-A2AC-0C8C-F813-A81A52D71374}"
EndProject
Global
	GlobalSection(SolutionConfigurationPlatforms) = preSolution
		Debug|Any CPU = Debug|Any CPU
		Release|Any CPU = Release|Any CPU
	EndGlobalSection
	GlobalSection(ProjectConfigurationPlatforms) = postSolution
		{FC65ED29-A2AC-0C8C-F813-A81A52D71374}.Debug|Any CPU.ActiveCfg = Debug|Any CPU
		{FC65ED29-A2AC-0C8C-F813-A81A52D71374}.Debug|Any CPU.Build.0 = Debug|Any CPU
		{FC65ED29-A2AC-0C8C-F813-A81A52D71374}.Release|Any CPU.ActiveCfg = Release|Any CPU
		{FC65ED29-A2AC-0C8C-F813-A81A52D71374}.Release|Any CPU.Build.0 = Release|Any CPU
	EndGlobalSection
	GlobalSection(SolutionProperties) = preSolution
		HideSolutionNode = FALSE
	EndGlobalSection
	GlobalSection(ExtensibilityGlobals) = postSolution
		SolutionGuid = {5DD0EFD5-71D8-43DD-8622-CEC9D72F82A3}
	EndGlobalSection
EndGlobal
